
Microsoft Visual Studio Solution File, Format Version 12.00
Project("{FAE04EC0-301F-11D3-BF4B-00C04F79EFBC}") = "Lab2_Test", "Lab2_Test\Lab2_Test.csproj", "{47608E1E-2AC1-441F-8673-A6F01690BE2F}"
EndProject
Project("{FAE04EC0-301F-11D3-BF4B-00C04F79EFBC}") = "UnitTest_Lab2", "UnitTest_Lab2\UnitTest_Lab2.csproj", "{79BFDEE9-9F51-4617-B5FB-FDAC30719C30}"
EndProject
Global
	GlobalSection(SolutionConfigurationPlatforms) = preSolution
		Debug|Any CPU = Debug|Any CPU
		Release|Any CPU = Release|Any CPU
	EndGlobalSection
	GlobalSection(ProjectConfigurationPlatforms) = postSolution
		{47608E1E-2AC1-441F-8673-A6F01690BE2F}.Debug|Any CPU.ActiveCfg = Debug|Any CPU
		{47608E1E-2AC1-441F-8673-A6F01690BE2F}.Debug|Any CPU.Build.0 = Debug|Any CPU
		{47608E1E-2AC1-441F-8673-A6F01690BE2F}.Release|Any CPU.ActiveCfg = Release|Any CPU
		{47608E1E-2AC1-441F-8673-A6F01690BE2F}.Release|Any CPU.Build.0 = Release|Any CPU
		{79BFDEE9-9F51-4617-B5FB-FDAC30719C30}.Debug|Any CPU.ActiveCfg = Debug|Any CPU
		{79BFDEE9-9F51-4617-B5FB-FDAC30719C30}.Debug|Any CPU.Build.0 = Debug|Any CPU
		{79BFDEE9-9F51-4617-B5FB-FDAC30719C30}.Release|Any CPU.ActiveCfg = Release|Any CPU
		{79BFDEE9-9F51-4617-B5FB-FDAC30719C30}.Release|Any CPU.Build.0 = Release|Any CPU
	EndGlobalSection
EndGlobal
